// !$*UTF8*$!
{
	archiveVersion = 1;
	classes = {
	};
	objectVersion = 46;
	objects = {

/* Begin PBXBuildFile section */
		23386A05C6617B80F2094E4E /* libPods.a in Frameworks */ = {isa = PBXBuildFile; fileRef = D1776A3AFD8714C583D34651 /* libPods.a */; };
		A223E9181B008537006131D4 /* DetailTableViewController.m in Sources */ = {isa = PBXBuildFile; fileRef = A223E9171B008537006131D4 /* DetailTableViewController.m */; };
		A223E91B1B0085CD006131D4 /* AbilityCell.m in Sources */ = {isa = PBXBuildFile; fileRef = A223E91A1B0085CD006131D4 /* AbilityCell.m */; };
		A223E91E1B0085DF006131D4 /* BioCell.m in Sources */ = {isa = PBXBuildFile; fileRef = A223E91D1B0085DF006131D4 /* BioCell.m */; };
		A2C6F5291AFE37F50092A2B0 /* main.m in Sources */ = {isa = PBXBuildFile; fileRef = A2C6F5281AFE37F50092A2B0 /* main.m */; };
		A2C6F52C1AFE37F50092A2B0 /* AppDelegate.m in Sources */ = {isa = PBXBuildFile; fileRef = A2C6F52B1AFE37F50092A2B0 /* AppDelegate.m */; };
		A2C6F5321AFE37F50092A2B0 /* Main.storyboard in Resources */ = {isa = PBXBuildFile; fileRef = A2C6F5301AFE37F50092A2B0 /* Main.storyboard */; };
		A2C6F5341AFE37F50092A2B0 /* Images.xcassets in Resources */ = {isa = PBXBuildFile; fileRef = A2C6F5331AFE37F50092A2B0 /* Images.xcassets */; };
		A2C6F5371AFE37F50092A2B0 /* LaunchScreen.xib in Resources */ = {isa = PBXBuildFile; fileRef = A2C6F5351AFE37F50092A2B0 /* LaunchScreen.xib */; };
		A2C6F5431AFE37F50092A2B0 /* Dota2HerosTests.m in Sources */ = {isa = PBXBuildFile; fileRef = A2C6F5421AFE37F50092A2B0 /* Dota2HerosTests.m */; };
		A2C6F5521AFE38DA0092A2B0 /* MasterTableViewController.m in Sources */ = {isa = PBXBuildFile; fileRef = A2C6F5511AFE38DA0092A2B0 /* MasterTableViewController.m */; };
		A2C6F5651AFE569B0092A2B0 /* HeroTableViewCell.m in Sources */ = {isa = PBXBuildFile; fileRef = A2C6F5641AFE569B0092A2B0 /* HeroTableViewCell.m */; };
/* End PBXBuildFile section */

/* Begin PBXContainerItemProxy section */
		A2C6F53D1AFE37F50092A2B0 /* PBXContainerItemProxy */ = {
			isa = PBXContainerItemProxy;
			containerPortal = A2C6F51B1AFE37F50092A2B0 /* Project object */;
			proxyType = 1;
			remoteGlobalIDString = A2C6F5221AFE37F50092A2B0;
			remoteInfo = Dota2Heros;
		};
/* End PBXContainerItemProxy section */

/* Begin PBXFileReference section */
		4642E6F76D5BA63D9152609F /* Pods.release.xcconfig */ = {isa = PBXFileReference; includeInIndex = 1; lastKnownFileType = text.xcconfig; name = Pods.release.xcconfig; path = "Pods/Target Support Files/Pods/Pods.release.xcconfig"; sourceTree = "<group>"; };
		A223E9161B008537006131D4 /* DetailTableViewController.h */ = {isa = PBXFileReference; fileEncoding = 4; lastKnownFileType = sourcecode.c.h; path = DetailTableViewController.h; sourceTree = "<group>"; };
		A223E9171B008537006131D4 /* DetailTableViewController.m */ = {isa = PBXFileReference; fileEncoding = 4; lastKnownFileType = sourcecode.c.objc; path = DetailTableViewController.m; sourceTree = "<group>"; };
		A223E9191B0085CD006131D4 /* AbilityCell.h */ = {isa = PBXFileReference; fileEncoding = 4; lastKnownFileType = sourcecode.c.h; path = AbilityCell.h; sourceTree = "<group>"; };
		A223E91A1B0085CD006131D4 /* AbilityCell.m */ = {isa = PBXFileReference; fileEncoding = 4; lastKnownFileType = sourcecode.c.objc; path = AbilityCell.m; sourceTree = "<group>"; };
		A223E91C1B0085DF006131D4 /* BioCell.h */ = {isa = PBXFileReference; fileEncoding = 4; lastKnownFileType = sourcecode.c.h; path = BioCell.h; sourceTree = "<group>"; };
		A223E91D1B0085DF006131D4 /* BioCell.m */ = {isa = PBXFileReference; fileEncoding = 4; lastKnownFileType = sourcecode.c.objc; path = BioCell.m; sourceTree = "<group>"; };
		A2C6F5231AFE37F50092A2B0 /* Dota2Heros.app */ = {isa = PBXFileReference; explicitFileType = wrapper.application; includeInIndex = 0; path = Dota2Heros.app; sourceTree = BUILT_PRODUCTS_DIR; };
		A2C6F5271AFE37F50092A2B0 /* Info.plist */ = {isa = PBXFileReference; lastKnownFileType = text.plist.xml; path = Info.plist; sourceTree = "<group>"; };
		A2C6F5281AFE37F50092A2B0 /* main.m */ = {isa = PBXFileReference; lastKnownFileType = sourcecode.c.objc; path = main.m; sourceTree = "<group>"; };
		A2C6F52A1AFE37F50092A2B0 /* AppDelegate.h */ = {isa = PBXFileReference; lastKnownFileType = sourcecode.c.h; path = AppDelegate.h; sourceTree = "<group>"; };
		A2C6F52B1AFE37F50092A2B0 /* AppDelegate.m */ = {isa = PBXFileReference; lastKnownFileType = sourcecode.c.objc; path = AppDelegate.m; sourceTree = "<group>"; };
		A2C6F5311AFE37F50092A2B0 /* Base */ = {isa = PBXFileReference; lastKnownFileType = file.storyboard; name = Base; path = Base.lproj/Main.storyboard; sourceTree = "<group>"; };
		A2C6F5331AFE37F50092A2B0 /* Images.xcassets */ = {isa = PBXFileReference; lastKnownFileType = folder.assetcatalog; path = Images.xcassets; sourceTree = "<group>"; };
		A2C6F5361AFE37F50092A2B0 /* Base */ = {isa = PBXFileReference; lastKnownFileType = file.xib; name = Base; path = Base.lproj/LaunchScreen.xib; sourceTree = "<group>"; };
		A2C6F53C1AFE37F50092A2B0 /* Dota2HerosTests.xctest */ = {isa = PBXFileReference; explicitFileType = wrapper.cfbundle; includeInIndex = 0; path = Dota2HerosTests.xctest; sourceTree = BUILT_PRODUCTS_DIR; };
		A2C6F5411AFE37F50092A2B0 /* Info.plist */ = {isa = PBXFileReference; lastKnownFileType = text.plist.xml; path = Info.plist; sourceTree = "<group>"; };
		A2C6F5421AFE37F50092A2B0 /* Dota2HerosTests.m */ = {isa = PBXFileReference; lastKnownFileType = sourcecode.c.objc; path = Dota2HerosTests.m; sourceTree = "<group>"; };
		A2C6F5501AFE38DA0092A2B0 /* MasterTableViewController.h */ = {isa = PBXFileReference; fileEncoding = 4; lastKnownFileType = sourcecode.c.h; path = MasterTableViewController.h; sourceTree = "<group>"; };
		A2C6F5511AFE38DA0092A2B0 /* MasterTableViewController.m */ = {isa = PBXFileReference; fileEncoding = 4; lastKnownFileType = sourcecode.c.objc; path = MasterTableViewController.m; sourceTree = "<group>"; };
		A2C6F5631AFE569B0092A2B0 /* HeroTableViewCell.h */ = {isa = PBXFileReference; fileEncoding = 4; lastKnownFileType = sourcecode.c.h; path = HeroTableViewCell.h; sourceTree = "<group>"; };
		A2C6F5641AFE569B0092A2B0 /* HeroTableViewCell.m */ = {isa = PBXFileReference; fileEncoding = 4; lastKnownFileType = sourcecode.c.objc; path = HeroTableViewCell.m; sourceTree = "<group>"; };
		D0E570A04F026E6A0D33404B /* Pods.debug.xcconfig */ = {isa = PBXFileReference; includeInIndex = 1; lastKnownFileType = text.xcconfig; name = Pods.debug.xcconfig; path = "Pods/Target Support Files/Pods/Pods.debug.xcconfig"; sourceTree = "<group>"; };
		D1776A3AFD8714C583D34651 /* libPods.a */ = {isa = PBXFileReference; explicitFileType = archive.ar; includeInIndex = 0; path = libPods.a; sourceTree = BUILT_PRODUCTS_DIR; };
/* End PBXFileReference section */

/* Begin PBXFrameworksBuildPhase section */
		A2C6F5201AFE37F50092A2B0 /* Frameworks */ = {
			isa = PBXFrameworksBuildPhase;
			buildActionMask = 2147483647;
			files = (
				23386A05C6617B80F2094E4E /* libPods.a in Frameworks */,
			);
			runOnlyForDeploymentPostprocessing = 0;
		};
		A2C6F5391AFE37F50092A2B0 /* Frameworks */ = {
			isa = PBXFrameworksBuildPhase;
			buildActionMask = 2147483647;
			files = (
			);
			runOnlyForDeploymentPostprocessing = 0;
		};
/* End PBXFrameworksBuildPhase section */

/* Begin PBXGroup section */
		97790A49A016EF2E24BF2A3C /* Pods */ = {
			isa = PBXGroup;
			children = (
				D0E570A04F026E6A0D33404B /* Pods.debug.xcconfig */,
				4642E6F76D5BA63D9152609F /* Pods.release.xcconfig */,
			);
			name = Pods;
			sourceTree = "<group>";
		};
		A2C6F51A1AFE37F50092A2B0 = {
			isa = PBXGroup;
			children = (
				A2C6F5251AFE37F50092A2B0 /* Dota2Heros */,
				A2C6F53F1AFE37F50092A2B0 /* Dota2HerosTests */,
				A2C6F5241AFE37F50092A2B0 /* Products */,
				97790A49A016EF2E24BF2A3C /* Pods */,
				A74EEFF37D9F5611129119BB /* Frameworks */,
			);
			sourceTree = "<group>";
		};
		A2C6F5241AFE37F50092A2B0 /* Products */ = {
			isa = PBXGroup;
			children = (
				A2C6F5231AFE37F50092A2B0 /* Dota2Heros.app */,
				A2C6F53C1AFE37F50092A2B0 /* Dota2HerosTests.xctest */,
			);
			name = Products;
			sourceTree = "<group>";
		};
		A2C6F5251AFE37F50092A2B0 /* Dota2Heros */ = {
			isa = PBXGroup;
			children = (
				A2C6F52A1AFE37F50092A2B0 /* AppDelegate.h */,
				A2C6F52B1AFE37F50092A2B0 /* AppDelegate.m */,
				A2C6F5501AFE38DA0092A2B0 /* MasterTableViewController.h */,
				A2C6F5511AFE38DA0092A2B0 /* MasterTableViewController.m */,
				A223E9161B008537006131D4 /* DetailTableViewController.h */,
				A223E9171B008537006131D4 /* DetailTableViewController.m */,
				A2C6F5631AFE569B0092A2B0 /* HeroTableViewCell.h */,
				A2C6F5641AFE569B0092A2B0 /* HeroTableViewCell.m */,
				A223E9191B0085CD006131D4 /* AbilityCell.h */,
				A223E91A1B0085CD006131D4 /* AbilityCell.m */,
				A223E91C1B0085DF006131D4 /* BioCell.h */,
				A223E91D1B0085DF006131D4 /* BioCell.m */,
				A2C6F5301AFE37F50092A2B0 /* Main.storyboard */,
				A2C6F5331AFE37F50092A2B0 /* Images.xcassets */,
				A2C6F5351AFE37F50092A2B0 /* LaunchScreen.xib */,
				A2C6F5261AFE37F50092A2B0 /* Supporting Files */,
			);
			path = Dota2Heros;
			sourceTree = "<group>";
		};
		A2C6F5261AFE37F50092A2B0 /* Supporting Files */ = {
			isa = PBXGroup;
			children = (
				A2C6F5271AFE37F50092A2B0 /* Info.plist */,
				A2C6F5281AFE37F50092A2B0 /* main.m */,
			);
			name = "Supporting Files";
			sourceTree = "<group>";
		};
		A2C6F53F1AFE37F50092A2B0 /* Dota2HerosTests */ = {
			isa = PBXGroup;
			children = (
				A2C6F5421AFE37F50092A2B0 /* Dota2HerosTests.m */,
				A2C6F5401AFE37F50092A2B0 /* Supporting Files */,
			);
			path = Dota2HerosTests;
			sourceTree = "<group>";
		};
		A2C6F5401AFE37F50092A2B0 /* Supporting Files */ = {
			isa = PBXGroup;
			children = (
				A2C6F5411AFE37F50092A2B0 /* Info.plist */,
			);
			name = "Supporting Files";
			sourceTree = "<group>";
		};
		A74EEFF37D9F5611129119BB /* Frameworks */ = {
			isa = PBXGroup;
			children = (
				D1776A3AFD8714C583D34651 /* libPods.a */,
			);
			name = Frameworks;
			sourceTree = "<group>";
		};
/* End PBXGroup section */

/* Begin PBXNativeTarget section */
		A2C6F5221AFE37F50092A2B0 /* Dota2Heros */ = {
			isa = PBXNativeTarget;
			buildConfigurationList = A2C6F5461AFE37F50092A2B0 /* Build configuration list for PBXNativeTarget "Dota2Heros" */;
			buildPhases = (
				1449D799B1765306DAB0FB92 /* Check Pods Manifest.lock */,
				A2C6F51F1AFE37F50092A2B0 /* Sources */,
				A2C6F5201AFE37F50092A2B0 /* Frameworks */,
				A2C6F5211AFE37F50092A2B0 /* Resources */,
				43E8FBF26BEA73532FBE9783 /* Copy Pods Resources */,
			);
			buildRules = (
			);
			dependencies = (
			);
			name = Dota2Heros;
			productName = Dota2Heros;
			productReference = A2C6F5231AFE37F50092A2B0 /* Dota2Heros.app */;
			productType = "com.apple.product-type.application";
		};
		A2C6F53B1AFE37F50092A2B0 /* Dota2HerosTests */ = {
			isa = PBXNativeTarget;
			buildConfigurationList = A2C6F5491AFE37F50092A2B0 /* Build configuration list for PBXNativeTarget "Dota2HerosTests" */;
			buildPhases = (
				A2C6F5381AFE37F50092A2B0 /* Sources */,
				A2C6F5391AFE37F50092A2B0 /* Frameworks */,
				A2C6F53A1AFE37F50092A2B0 /* Resources */,
			);
			buildRules = (
			);
			dependencies = (
				A2C6F53E1AFE37F50092A2B0 /* PBXTargetDependency */,
			);
			name = Dota2HerosTests;
			productName = Dota2HerosTests;
			productReference = A2C6F53C1AFE37F50092A2B0 /* Dota2HerosTests.xctest */;
			productType = "com.apple.product-type.bundle.unit-test";
		};
/* End PBXNativeTarget section */

/* Begin PBXProject section */
		A2C6F51B1AFE37F50092A2B0 /* Project object */ = {
			isa = PBXProject;
			attributes = {
				LastUpgradeCheck = 0630;
				ORGANIZATIONNAME = ylink;
				TargetAttributes = {
					A2C6F5221AFE37F50092A2B0 = {
						CreatedOnToolsVersion = 6.3;
					};
					A2C6F53B1AFE37F50092A2B0 = {
						CreatedOnToolsVersion = 6.3;
						TestTargetID = A2C6F5221AFE37F50092A2B0;
					};
				};
			};
			buildConfigurationList = A2C6F51E1AFE37F50092A2B0 /* Build configuration list for PBXProject "Dota2Heros" */;
			compatibilityVersion = "Xcode 3.2";
			developmentRegion = English;
			hasScannedForEncodings = 0;
			knownRegions = (
				en,
				Base,
			);
			mainGroup = A2C6F51A1AFE37F50092A2B0;
			productRefGroup = A2C6F5241AFE37F50092A2B0 /* Products */;
			projectDirPath = "";
			projectRoot = "";
			targets = (
				A2C6F5221AFE37F50092A2B0 /* Dota2Heros */,
				A2C6F53B1AFE37F50092A2B0 /* Dota2HerosTests */,
			);
		};
/* End PBXProject section */

/* Begin PBXResourcesBuildPhase section */
		A2C6F5211AFE37F50092A2B0 /* Resources */ = {
			isa = PBXResourcesBuildPhase;
			buildActionMask = 2147483647;
			files = (
				A2C6F5321AFE37F50092A2B0 /* Main.storyboard in Resources */,
				A2C6F5371AFE37F50092A2B0 /* LaunchScreen.xib in Resources */,
				A2C6F5341AFE37F50092A2B0 /* Images.xcassets in Resources */,
			);
			runOnlyForDeploymentPostprocessing = 0;
		};
		A2C6F53A1AFE37F50092A2B0 /* Resources */ = {
			isa = PBXResourcesBuildPhase;
			buildActionMask = 2147483647;
			files = (
			);
			runOnlyForDeploymentPostprocessing = 0;
		};
/* End PBXResourcesBuildPhase section */

/* Begin PBXShellScriptBuildPhase section */
		1449D799B1765306DAB0FB92 /* Check Pods Manifest.lock */ = {
			isa = PBXShellScriptBuildPhase;
			buildActionMask = 2147483647;
			files = (
			);
			inputPaths = (
			);
			name = "Check Pods Manifest.lock";
			outputPaths = (
			);
			runOnlyForDeploymentPostprocessing = 0;
			shellPath = /bin/sh;
			shellScript = "diff \"${PODS_ROOT}/../Podfile.lock\" \"${PODS_ROOT}/Manifest.lock\" > /dev/null\nif [[ $? != 0 ]] ; then\n    cat << EOM\nerror: The sandbox is not in sync with the Podfile.lock. Run 'pod install' or update your CocoaPods installation.\nEOM\n    exit 1\nfi\n";
			showEnvVarsInLog = 0;
		};
		43E8FBF26BEA73532FBE9783 /* Copy Pods Resources */ = {
			isa = PBXShellScriptBuildPhase;
			buildActionMask = 2147483647;
			files = (
			);
			inputPaths = (
			);
			name = "Copy Pods Resources";
			outputPaths = (
			);
			runOnlyForDeploymentPostprocessing = 0;
			shellPath = /bin/sh;
			shellScript = "\"${SRCROOT}/Pods/Target Support Files/Pods/Pods-resources.sh\"\n";
			showEnvVarsInLog = 0;
		};
/* End PBXShellScriptBuildPhase section */

/* Begin PBXSourcesBuildPhase section */
		A2C6F51F1AFE37F50092A2B0 /* Sources */ = {
			isa = PBXSourcesBuildPhase;
			buildActionMask = 2147483647;
			files = (
				A223E9181B008537006131D4 /* DetailTableViewController.m in Sources */,
				A223E91E1B0085DF006131D4 /* BioCell.m in Sources */,
				A2C6F52C1AFE37F50092A2B0 /* AppDelegate.m in Sources */,
				A2C6F5291AFE37F50092A2B0 /* main.m in Sources */,
				A2C6F5521AFE38DA0092A2B0 /* MasterTableViewController.m in Sources */,
				A223E91B1B0085CD006131D4 /* AbilityCell.m in Sources */,
				A2C6F5651AFE569B0092A2B0 /* HeroTableViewCell.m in Sources */,
			);
			runOnlyForDeploymentPostprocessing = 0;
		};
		A2C6F5381AFE37F50092A2B0 /* Sources */ = {
			isa = PBXSourcesBuildPhase;
			buildActionMask = 2147483647;
			files = (
				A2C6F5431AFE37F50092A2B0 /* Dota2HerosTests.m in Sources */,
			);
			runOnlyForDeploymentPostprocessing = 0;
		};
/* End PBXSourcesBuildPhase section */

/* Begin PBXTargetDependency section */
		A2C6F53E1AFE37F50092A2B0 /* PBXTargetDependency */ = {
			isa = PBXTargetDependency;
			target = A2C6F5221AFE37F50092A2B0 /* Dota2Heros */;
			targetProxy = A2C6F53D1AFE37F50092A2B0 /* PBXContainerItemProxy */;
		};
/* End PBXTargetDependency section */

/* Begin PBXVariantGroup section */
		A2C6F5301AFE37F50092A2B0 /* Main.storyboard */ = {
			isa = PBXVariantGroup;
			children = (
				A2C6F5311AFE37F50092A2B0 /* Base */,
			);
			name = Main.storyboard;
			sourceTree = "<group>";
		};
		A2C6F5351AFE37F50092A2B0 /* LaunchScreen.xib */ = {
			isa = PBXVariantGroup;
			children = (
				A2C6F5361AFE37F50092A2B0 /* Base */,
			);
			name = LaunchScreen.xib;
			sourceTree = "<group>";
		};
/* End PBXVariantGroup section */

/* Begin XCBuildConfiguration section */
		A2C6F5441AFE37F50092A2B0 /* Debug */ = {
			isa = XCBuildConfiguration;
			buildSettings = {
				ALWAYS_SEARCH_USER_PATHS = NO;
				CLANG_CXX_LANGUAGE_STANDARD = "gnu++0x";
				CLANG_CXX_LIBRARY = "libc++";
				CLANG_ENABLE_MODULES = YES;
				CLANG_ENABLE_OBJC_ARC = YES;
				CLANG_WARN_BOOL_CONVERSION = YES;
				CLANG_WARN_CONSTANT_CONVERSION = YES;
				CLANG_WARN_DIRECT_OBJC_ISA_USAGE = YES_ERROR;
				CLANG_WARN_EMPTY_BODY = YES;
				CLANG_WARN_ENUM_CONVERSION = YES;
				CLANG_WARN_INT_CONVERSION = YES;
				CLANG_WARN_OBJC_ROOT_CLASS = YES_ERROR;
				CLANG_WARN_UNREACHABLE_CODE = YES;
				CLANG_WARN__DUPLICATE_METHOD_MATCH = YES;
				"CODE_SIGN_IDENTITY[sdk=iphoneos*]" = "iPhone Developer";
				COPY_PHASE_STRIP = NO;
				DEBUG_INFORMATION_FORMAT = "dwarf-with-dsym";
				ENABLE_STRICT_OBJC_MSGSEND = YES;
				GCC_C_LANGUAGE_STANDARD = gnu99;
				GCC_DYNAMIC_NO_PIC = NO;
				GCC_NO_COMMON_BLOCKS = YES;
				GCC_OPTIMIZATION_LEVEL = 0;
				GCC_PREPROCESSOR_DEFINITIONS = (
					"DEBUG=1",
					"$(inherited)",
				);
				GCC_SYMBOLS_PRIVATE_EXTERN = NO;
				GCC_WARN_64_TO_32_BIT_CONVERSION = YES;
				GCC_WARN_ABOUT_RETURN_TYPE = YES_ERROR;
				GCC_WARN_UNDECLARED_SELECTOR = YES;
				GCC_WARN_UNINITIALIZED_AUTOS = YES_AGGRESSIVE;
				GCC_WARN_UNUSED_FUNCTION = YES;
				GCC_WARN_UNUSED_VARIABLE = YES;
				IPHONEOS_DEPLOYMENT_TARGET = 8.3;
				MTL_ENABLE_DEBUG_INFO = YES;
				ONLY_ACTIVE_ARCH = YES;
				SDKROOT = iphoneos;
				TARGETED_DEVICE_FAMILY = "1,2";
			};
			name = Debug;
		};
		A2C6F5451AFE37F50092A2B0 /* Release */ = {
			isa = XCBuildConfiguration;
			buildSettings = {
				ALWAYS_SEARCH_USER_PATHS = NO;
				CLANG_CXX_LANGUAGE_STANDARD = "gnu++0x";
				CLANG_CXX_LIBRARY = "libc++";
				CLANG_ENABLE_MODULES = YES;
				CLANG_ENABLE_OBJC_ARC = YES;
				CLANG_WARN_BOOL_CONVERSION = YES;
				CLANG_WARN_CONSTANT_CONVERSION = YES;
				CLANG_WARN_DIRECT_OBJC_ISA_USAGE = YES_ERROR;
				CLANG_WARN_EMPTY_BODY = YES;
				CLANG_WARN_ENUM_CONVERSION = YES;
				CLANG_WARN_INT_CONVERSION = YES;
				CLANG_WARN_OBJC_ROOT_CLASS = YES_ERROR;
				CLANG_WARN_UNREACHABLE_CODE = YES;
				CLANG_WARN__DUPLICATE_METHOD_MATCH = YES;
				"CODE_SIGN_IDENTITY[sdk=iphoneos*]" = "iPhone Developer";
				COPY_PHASE_STRIP = NO;
				DEBUG_INFORMATION_FORMAT = "dwarf-with-dsym";
				ENABLE_NS_ASSERTIONS = NO;
				ENABLE_STRICT_OBJC_MSGSEND = YES;
				GCC_C_LANGUAGE_STANDARD = gnu99;
				GCC_NO_COMMON_BLOCKS = YES;
				GCC_WARN_64_TO_32_BIT_CONVERSION = YES;
				GCC_WARN_ABOUT_RETURN_TYPE = YES_ERROR;
				GCC_WARN_UNDECLARED_SELECTOR = YES;
				GCC_WARN_UNINITIALIZED_AUTOS = YES_AGGRESSIVE;
				GCC_WARN_UNUSED_FUNCTION = YES;
				GCC_WARN_UNUSED_VARIABLE = YES;
				IPHONEOS_DEPLOYMENT_TARGET = 8.3;
				MTL_ENABLE_DEBUG_INFO = NO;
				SDKROOT = iphoneos;
				TARGETED_DEVICE_FAMILY = "1,2";
				VALIDATE_PRODUCT = YES;
			};
			name = Release;
		};
		A2C6F5471AFE37F50092A2B0 /* Debug */ = {
			isa = XCBuildConfiguration;
			baseConfigurationReference = D0E570A04F026E6A0D33404B /* Pods.debug.xcconfig */;
			buildSettings = {
				ASSETCATALOG_COMPILER_APPICON_NAME = AppIcon;
				INFOPLIST_FILE = Dota2Heros/Info.plist;
				LD_RUNPATH_SEARCH_PATHS = "$(inherited) @executable_path/Frameworks";
				PRODUCT_NAME = "$(TARGET_NAME)";
			};
			name = Debug;
		};
		A2C6F5481AFE37F50092A2B0 /* Release */ = {
			isa = XCBuildConfiguration;
			baseConfigurationReference = 4642E6F76D5BA63D9152609F /* Pods.release.xcconfig */;
			buildSettings = {
				ASSETCATALOG_COMPILER_APPICON_NAME = AppIcon;
				INFOPLIST_FILE = Dota2Heros/Info.plist;
				LD_RUNPATH_SEARCH_PATHS = "$(inherited) @executable_path/Frameworks";
				PRODUCT_NAME = "$(TARGET_NAME)";
			};
			name = Release;
		};
		A2C6F54A1AFE37F50092A2B0 /* Debug */ = {
			isa = XCBuildConfiguration;
			buildSettings = {
				BUNDLE_LOADER = "$(TEST_HOST)";
				FRAMEWORK_SEARCH_PATHS = (
					"$(SDKROOT)/Developer/Library/Frameworks",
					"$(inherited)",
				);
				GCC_PREPROCESSOR_DEFINITIONS = (
					"DEBUG=1",
					"$(inherited)",
				);
				INFOPLIST_FILE = Dota2HerosTests/Info.plist;
				LD_RUNPATH_SEARCH_PATHS = "$(inherited) @executable_path/Frameworks @loader_path/Frameworks";
				PRODUCT_NAME = "$(TARGET_NAME)";
				TEST_HOST = "$(BUILT_PRODUCTS_DIR)/Dota2Heros.app/Dota2Heros";
			};
			name = Debug;
		};
		A2C6F54B1AFE37F50092A2B0 /* Release */ = {
			isa = XCBuildConfiguration;
			buildSettings = {
				BUNDLE_LOADER = "$(TEST_HOST)";
				FRAMEWORK_SEARCH_PATHS = (
					"$(SDKROOT)/Developer/Library/Frameworks",
					"$(inherited)",
				);
				INFOPLIST_FILE = Dota2HerosTests/Info.plist;
				LD_RUNPATH_SEARCH_PATHS = "$(inherited) @executable_path/Frameworks @loader_path/Frameworks";
				PRODUCT_NAME = "$(TARGET_NAME)";
				TEST_HOST = "$(BUILT_PRODUCTS_DIR)/Dota2Heros.app/Dota2Heros";
			};
			name = Release;
		};
/* End XCBuildConfiguration section */

/* Begin XCConfigurationList section */
		A2C6F51E1AFE37F50092A2B0 /* Build configuration list for PBXProject "Dota2Heros" */ = {
			isa = XCConfigurationList;
			buildConfigurations = (
				A2C6F5441AFE37F50092A2B0 /* Debug */,
				A2C6F5451AFE37F50092A2B0 /* Release */,
			);
			defaultConfigurationIsVisible = 0;
			defaultConfigurationName = Release;
		};
		A2C6F5461AFE37F50092A2B0 /* Build configuration list for PBXNativeTarget "Dota2Heros" */ = {
			isa = XCConfigurationList;
			buildConfigurations = (
				A2C6F5471AFE37F50092A2B0 /* Debug */,
				A2C6F5481AFE37F50092A2B0 /* Release */,
			);
			defaultConfigurationIsVisible = 0;
			defaultConfigurationName = Release;
		};
		A2C6F5491AFE37F50092A2B0 /* Build configuration list for PBXNativeTarget "Dota2HerosTests" */ = {
			isa = XCConfigurationList;
			buildConfigurations = (
				A2C6F54A1AFE37F50092A2B0 /* Debug */,
				A2C6F54B1AFE37F50092A2B0 /* Release */,
			);
			defaultConfigurationIsVisible = 0;
			defaultConfigurationName = Release;
		};
/* End XCConfigurationList section */
	};
	rootObject = A2C6F51B1AFE37F50092A2B0 /* Project object */;
}
